# THIS IS AN AUTOGENERATED FILE. DO NOT EDIT THIS FILE DIRECTLY.
# yarn lockfile v1


"@babel/runtime@^7.10.5", "@babel/runtime@^7.7.2":
  version "7.11.2"
  resolved "https://registry.npm.taobao.org/@babel/runtime/download/@babel/runtime-7.11.2.tgz?cache=0&other_urls=https%3A%2F%2Fregistry.npm.taobao.org%2F%40babel%2Fruntime%2Fdownload%2F%40babel%2Fruntime-7.11.2.tgz#f549c13c754cc40b87644b9fa9f09a6a95fe0736"
  integrity sha1-9UnBPHVMxAuHZEufqfCaapX+BzY=
  dependencies:
    regenerator-runtime "^0.13.4"

import-html-entry@^1.9.0:
  version "1.9.1"
  resolved "https://registry.npm.taobao.org/import-html-entry/download/import-html-entry-1.9.1.tgz#91a846ab3ddad1f9a4b876a595d1e8b28bef7609"
  integrity sha1-kahGqz3a0fmkuHalldHosovvdgk=
  dependencies:
    "@babel/runtime" "^7.7.2"

lodash@^4.17.11:
  version "4.17.20"
  resolved "https://registry.npm.taobao.org/lodash/download/lodash-4.17.20.tgz?cache=0&sync_timestamp=1597336125847&other_urls=https%3A%2F%2Fregistry.npm.taobao.org%2Flodash%2Fdownload%2Flodash-4.17.20.tgz#b44a9b6297bcb698f1c51a3545a2b3b368d59c52"
  integrity sha1-tEqbYpe8tpjxxRo1RaKzs2jVnFI=

qiankun@^2.0.25:
  version "2.0.25"
  resolved "https://registry.npm.taobao.org/qiankun/download/qiankun-2.0.25.tgz?cache=0&sync_timestamp=1600072690991&other_urls=https%3A%2F%2Fregistry.npm.taobao.org%2Fqiankun%2Fdownload%2Fqiankun-2.0.25.tgz#c1807ea03dd2ff420a7182469cb8458cae15e80c"
  integrity sha1-wYB+oD3S/0IKcYJGnLhFjK4V6Aw=
  dependencies:
    "@babel/runtime" "^7.10.5"
    import-html-entry "^1.9.0"
    lodash "^4.17.11"
    single-spa "^5.3.1"
    tslib "^1.10.0"

regenerator-runtime@^0.13.4:
  version "0.13.7"
  resolved "https://registry.npm.taobao.org/regenerator-runtime/download/regenerator-runtime-0.13.7.tgz?cache=0&sync_timestamp=1595456367497&other_urls=https%3A%2F%2Fregistry.npm.taobao.org%2Fregenerator-runtime%2Fdownload%2Fregenerator-runtime-0.13.7.tgz#cac2dacc8a1ea675feaabaeb8ae833898ae46f55"
  integrity sha1-ysLazIoepnX+qrrriugziYrkb1U=

single-spa@^5.3.1:
  version "5.5.5"
  resolved "https://registry.npm.taobao.org/single-spa/download/single-spa-5.5.5.tgz#77a947516874d50b1e1a43aa6c316b550605d4fb"
  integrity sha1-d6lHUWh01QseGkOqbDFrVQYF1Ps=

tslib@^1.10.0:
  version "1.13.0"
  resolved "https://registry.npm.taobao.org/tslib/download/tslib-1.13.0.tgz?cache=0&sync_timestamp=1596754937440&other_urls=https%3A%2F%2Fregistry.npm.taobao.org%2Ftslib%2Fdownload%2Ftslib-1.13.0.tgz#c881e13cc7015894ed914862d276436fa9a47043"
  integrity sha1-yIHhPMcBWJTtkUhi0nZDb6mkcEM=
